
Microsoft Visual Studio Solution File, Format Version 12.00
Project("{FAE04EC0-301F-11D3-BF4B-00C04F79EFBC}") = "ODBCManager", "ODBCManager\ODBCManager.csproj", "{568487F4-B34C-46A1-8311-7B4542BEEA97}"
EndProject
Global
	GlobalSection(SolutionConfigurationPlatforms) = preSolution
		Debug|Any CPU = Debug|Any CPU
		Release|Any CPU = Release|Any CPU
	EndGlobalSection
	GlobalSection(ProjectConfigurationPlatforms) = postSolution
		{568487F4-B34C-46A1-8311-7B4542BEEA97}.Debug|Any CPU.ActiveCfg = Debug|Any CPU
		{568487F4-B34C-46A1-8311-7B4542BEEA97}.Debug|Any CPU.Build.0 = Debug|Any CPU
		{568487F4-B34C-46A1-8311-7B4542BEEA97}.Release|Any CPU.ActiveCfg = Release|Any CPU
		{568487F4-B34C-46A1-8311-7B4542BEEA97}.Release|Any CPU.Build.0 = Release|Any CPU
	EndGlobalSection
EndGlobal
